
Microsoft Visual Studio Solution File, Format Version 12.00
# Visual Studio 15
VisualStudioVersion = 15.0.27703.2035
MinimumVisualStudioVersion = 10.0.40219.1
Project("{9A19103F-16F7-4668-BE54-9A1E7A4F7556}") = "Ccf.Ck.Models.NodeSet", "Src\Models\NodeSet\Ccf.Ck.Models.NodeSet.csproj", "{34041620-95F2-4087-B64D-9E7D6C794B37}"
EndProject
Project("{2150E333-8FDC-42A3-9474-1A3956D46DE8}") = "Models", "Models", "{2FABC82B-D94D-499F-B34F-F012160DE5EB}"
EndProject
Project("{2150E333-8FDC-42A3-9474-1A3956D46DE8}") = "Utilities", "Utilities", "{78645270-1428-453E-8234-10D273583C52}"
EndProject
Project("{9A19103F-16F7-4668-BE54-9A1E7A4F7556}") = "Ccf.Ck.Utilities.DependencyContainer", "Src\Utilities\DependencyContainer\Ccf.Ck.Utilities.DependencyContainer.csproj", "{F31963D1-993E-4571-82EF-0D6901C9908B}"
EndProject
Project("{9A19103F-16F7-4668-BE54-9A1E7A4F7556}") = "Ccf.Ck.Models.Web.Settings", "Src\Models\Web.Settings\Ccf.Ck.Models.Web.Settings.csproj", "{700B478C-ECF1-443F-AF37-60F3B347D178}"
EndProject
Project("{9A19103F-16F7-4668-BE54-9A1E7A4F7556}") = "Ccf.Ck.Utilities.MemoryCache", "Src\Utilities\MemoryCache\Ccf.Ck.Utilities.MemoryCache.csproj", "{391B3B55-B118-4966-AC62-C7B4D7F75003}"
EndProject
Project("{9A19103F-16F7-4668-BE54-9A1E7A4F7556}") = "Ccf.Ck.Models.Settings", "Src\Models\Settings\Ccf.Ck.Models.Settings.csproj", "{A911D92B-E081-4BD0-8DD8-D6DA2F4E76A2}"
EndProject
Project("{9A19103F-16F7-4668-BE54-9A1E7A4F7556}") = "Ccf.Ck.Models.Enumerations", "Src\Models\Enumerations\Ccf.Ck.Models.Enumerations.csproj", "{553DAC1B-2439-4EEE-8FF4-690B08A2EA5E}"
EndProject
Project("{9A19103F-16F7-4668-BE54-9A1E7A4F7556}") = "Ccf.Ck.Models.NodeRequest", "Src\Models\NodeRequest\Ccf.Ck.Models.NodeRequest.csproj", "{BC513804-DE2C-4A72-87AC-EEF4BD3D573D}"
EndProject
Project("{9A19103F-16F7-4668-BE54-9A1E7A4F7556}") = "Ccf.Ck.Models.Exceptions", "Src\Models\Exceptions\Ccf.Ck.Models.Exceptions.csproj", "{7D4E0712-3A06-40BD-AC3E-41A13C625C0F}"
EndProject
Project("{9A19103F-16F7-4668-BE54-9A1E7A4F7556}") = "Ccf.Ck.Utilities.Generic", "Src\Utilities\Generic\Ccf.Ck.Utilities.Generic.csproj", "{54549450-BBE1-4ABF-BD31-CE031D0F8054}"
EndProject
Project("{9A19103F-16F7-4668-BE54-9A1E7A4F7556}") = "Ccf.Ck.Models.Packet", "Src\Models\Packet\Ccf.Ck.Models.Packet.csproj", "{03E3F9C8-FFF2-422D-8FD5-8E25871CD676}"
EndProject
Project("{9A19103F-16F7-4668-BE54-9A1E7A4F7556}") = "Ccf.Ck.Models.ContextBasket", "Src\Models\Uncertain\Ccf.Ck.Models.ContextBasket.csproj", "{482B074C-FE83-4C03-97FF-4AB019B6D0B7}"
EndProject
Project("{9A19103F-16F7-4668-BE54-9A1E7A4F7556}") = "Ccf.Ck.Utilities.Profiling", "Src\Utilities\Profiling\Ccf.Ck.Utilities.Profiling.csproj", "{703D64A8-A156-4363-A1E9-73703A897EE8}"
EndProject
Project("{2150E333-8FDC-42A3-9474-1A3956D46DE8}") = "SysPlugins", "SysPlugins", "{D9A8DD12-8860-41C6-B1A3-B62868AD6A8F}"
EndProject
Project("{9A19103F-16F7-4668-BE54-9A1E7A4F7556}") = "Ccf.Ck.SysPlugins.Interfaces", "Src\SysPlugins\Interfaces\Ccf.Ck.SysPlugins.Interfaces.csproj", "{459E6741-8A03-48A8-B3A9-774BEE8BE0BA}"
EndProject
Project("{9A19103F-16F7-4668-BE54-9A1E7A4F7556}") = "Ccf.Ck.Models.Resolvers", "Src\Models\Resolvers\Ccf.Ck.Models.Resolvers.csproj", "{7D8DC240-56ED-4CAE-A6BC-64B7967529E7}"
EndProject
Project("{9A19103F-16F7-4668-BE54-9A1E7A4F7556}") = "Ccf.Ck.SysPlugins.Services", "Src\SysPlugins\Services\Ccf.Ck.SysPlugins.Services.csproj", "{EA3C6E6D-F07A-402A-8C58-AE06C28DC5DA}"
EndProject
Project("{2150E333-8FDC-42A3-9474-1A3956D46DE8}") = "Processing", "Processing", "{22CCDF7A-8BB2-4193-8201-07207CFF33E9}"
EndProject
Project("{9A19103F-16F7-4668-BE54-9A1E7A4F7556}") = "Ccf.Ck.Processing.Execution", "Src\Processing\Execution\Ccf.Ck.Processing.Execution.csproj", "{05DFD295-4C1F-43EC-A2AB-AFAD3423E320}"
EndProject
Project("{9A19103F-16F7-4668-BE54-9A1E7A4F7556}") = "Ccf.Ck.Utilities.Web.BundleTransformations", "Src\Utilities\Web.BundleTransformations\Ccf.Ck.Utilities.Web.BundleTransformations.csproj", "{F142BFD1-A21B-46ED-81CD-38FB9C0D6D0F}"
EndProject
Project("{9A19103F-16F7-4668-BE54-9A1E7A4F7556}") = "Ccf.Ck.Models.KraftModule", "Src\Models\KraftModule\Ccf.Ck.Models.KraftModule.csproj", "{E96024D3-80BD-4A23-A093-424C956A09C0}"
EndProject
Project("{9A19103F-16F7-4668-BE54-9A1E7A4F7556}") = "Ccf.Ck.Processing.Web.ResponseBuilder", "Src\Processing\Web.ResponseBuilder\Ccf.Ck.Processing.Web.ResponseBuilder.csproj", "{95593B17-7CB9-43AB-9545-86B77B197B15}"
EndProject
Project("{9A19103F-16F7-4668-BE54-9A1E7A4F7556}") = "Ccf.Ck.Utilities.Json", "Src\Utilities\Json\Ccf.Ck.Utilities.Json.csproj", "{BE6A0689-931A-4175-8833-767D837B8451}"
EndProject
Project("{9A19103F-16F7-4668-BE54-9A1E7A4F7556}") = "Ccf.Ck.Utilities.NodeSetService", "Src\Utilities\NodeSetService\Ccf.Ck.Utilities.NodeSetService.csproj", "{28CEB1FC-6983-42CB-9FFA-70110C9BB333}"
EndProject
Project("{9A19103F-16F7-4668-BE54-9A1E7A4F7556}") = "Ccf.Ck.Processing.Web.Request", "Src\Processing\Web.RequestProcessing\Ccf.Ck.Processing.Web.Request.csproj", "{5810A164-606E-472B-9910-FD0C370B965A}"
EndProject
Project("{2150E333-8FDC-42A3-9474-1A3956D46DE8}") = "Middleware", "Middleware", "{5F268FB9-8028-4040-90A2-F8C2581DA3CF}"
EndProject
Project("{9A19103F-16F7-4668-BE54-9A1E7A4F7556}") = "Ccf.Ck.Web.Middleware", "Src\Middleware\Ccf.Ck.Web.Middleware.csproj", "{D2E35042-0AE6-4FAA-A444-3B0677DB5598}"
EndProject
Project("{2150E333-8FDC-42A3-9474-1A3956D46DE8}") = "Support", "Support", "{6D104A3B-CBCF-4E36-820A-B548EC03A1AD}"
EndProject
Project("{9A19103F-16F7-4668-BE54-9A1E7A4F7556}") = "Ccf.Ck.SysPlugins.Support.ParameterExpression", "Src\SysPlugins\Support\ParameterExpression\Ccf.Ck.SysPlugins.Support.ParameterExpression.csproj", "{53EC784C-1C3F-4267-80CF-646C6C542899}"
EndProject
Project("{9A19103F-16F7-4668-BE54-9A1E7A4F7556}") = "Ccf.Ck.SysPlugins.Support.ParameterValidation", "Src\SysPlugins\Support\ParameterValidation\Ccf.Ck.SysPlugins.Support.ParameterValidation.csproj", "{938574E3-8BA6-483E-B810-021E48BFAAD3}"
EndProject
Project("{2150E333-8FDC-42A3-9474-1A3956D46DE8}") = "NodePlugins", "NodePlugins", "{F6D50B2A-F415-4A3D-B889-CBAD3F06C0F4}"
EndProject
Project("{9A19103F-16F7-4668-BE54-9A1E7A4F7556}") = "Ccf.Ck.SysPlugins.Utilities", "Src\SysPlugins\Utilities\Ccf.Ck.SysPlugins.Utilities.csproj", "{74C75643-7C84-43E8-A8D4-62345A8FE10C}"
EndProject
Project("{2150E333-8FDC-42A3-9474-1A3956D46DE8}") = "Iterators", "Iterators", "{36E9EB81-6E91-4FFA-AA42-67B57251C2D3}"
EndProject
Project("{9A19103F-16F7-4668-BE54-9A1E7A4F7556}") = "Ccf.Ck.SysPlugins.Iterators.DataNodes", "Src\SysPlugins\Iterators\DataNodes\Ccf.Ck.SysPlugins.Iterators.DataNodes.csproj", "{326B95EB-CF6E-4057-B896-39687602CC4D}"
EndProject
Project("{2150E333-8FDC-42A3-9474-1A3956D46DE8}") = "Data", "Data", "{8216ED90-BBBC-415B-9691-29B63FA0E94D}"
EndProject
Project("{9A19103F-16F7-4668-BE54-9A1E7A4F7556}") = "Ccf.Ck.SysPlugins.Data.Base", "Src\SysPlugins\Data\Base\Ccf.Ck.SysPlugins.Data.Base.csproj", "{5436BD33-F55B-4C0F-BA17-E3CAEB352B0B}"
EndProject
Project("{9A19103F-16F7-4668-BE54-9A1E7A4F7556}") = "Ccf.Ck.SysPlugins.Data.Db.ADO", "Src\SysPlugins\Data\Db.ADO\Ccf.Ck.SysPlugins.Data.Db.ADO.csproj", "{ADD50702-190B-4452-B652-B3AC42AE4A96}"
EndProject
Project("{9A19103F-16F7-4668-BE54-9A1E7A4F7556}") = "Ccf.Ck.SysPlugins.Data.Internal", "Src\SysPlugins\Data\Internal\Ccf.Ck.SysPlugins.Data.Internal.csproj", "{B343AB08-0BD8-481E-A315-48F06B976403}"
EndProject
Project("{9A19103F-16F7-4668-BE54-9A1E7A4F7556}") = "Ccf.Ck.SysPlugins.Data.FileTransaction", "Src\SysPlugins\Data\FileTransaction\Ccf.Ck.SysPlugins.Data.FileTransaction.csproj", "{72E2A08B-40F9-4239-8BF9-B2DAD63BB1DB}"
EndProject
Project("{9A19103F-16F7-4668-BE54-9A1E7A4F7556}") = "Ccf.Ck.SysPlugins.Data.Call", "Src\SysPlugins\Data\Call\Ccf.Ck.SysPlugins.Data.Call.csproj", "{693F2F90-4FD6-4A15-BF22-2D2E62056F9A}"
EndProject
Project("{9A19103F-16F7-4668-BE54-9A1E7A4F7556}") = "Ccf.Ck.SysPlugins.Data.FileUpload", "Src\SysPlugins\Data\FileUpload\Ccf.Ck.SysPlugins.Data.FileUpload.csproj", "{507AD606-2FFA-4FD6-816D-8406128A5913}"
EndProject
Project("{9A19103F-16F7-4668-BE54-9A1E7A4F7556}") = "Ccf.Ck.SysPlugins.Data.Json", "Src\SysPlugins\Data\Json\Ccf.Ck.SysPlugins.Data.Json.csproj", "{29DBED17-0535-4B99-A5E4-BD54608C7A8B}"
EndProject
Project("{9A19103F-16F7-4668-BE54-9A1E7A4F7556}") = "Ccf.Ck.SysPlugins.Data.RawFiles", "Src\SysPlugins\Data\RawFiles\Ccf.Ck.SysPlugins.Data.RawFiles.csproj", "{7A8A3F27-228D-485E-8B61-8B0488ED7530}"
EndProject
Project("{9A19103F-16F7-4668-BE54-9A1E7A4F7556}") = "Ccf.Ck.SysPlugins.Data.UploadFileStream", "Src\SysPlugins\Data\UploadFileStream\Ccf.Ck.SysPlugins.Data.UploadFileStream.csproj", "{A41A0D24-9666-4D35-ABE8-3F1DA90EA9BE}"
EndProject
Project("{9A19103F-16F7-4668-BE54-9A1E7A4F7556}") = "Ccf.Ck.SysPlugins.Lookups.ADO", "Src\SysPlugins\Data\Lookup.ADO\Ccf.Ck.SysPlugins.Lookups.ADO.csproj", "{A55D250B-AF08-4EBE-92A0-585C64CDE50E}"
EndProject
Project("{9A19103F-16F7-4668-BE54-9A1E7A4F7556}") = "Ccf.Ck.SysPlugins.Views.Html", "Src\SysPlugins\View.Html\Ccf.Ck.SysPlugins.Views.Html.csproj", "{075671B6-F851-4F0F-9208-DF434AFDA4FA}"
EndProject
Project("{9A19103F-16F7-4668-BE54-9A1E7A4F7556}") = "Ccf.Ck.Models.Validators", "Src\Models\Validators\Ccf.Ck.Models.Validators.csproj", "{BF37DD4D-1912-419C-AD9A-04F291269C4B}"
EndProject
Project("{2150E333-8FDC-42A3-9474-1A3956D46DE8}") = "Launchers", "Launchers", "{BB3FCDCE-5D97-4816-BBDB-C26097DBC874}"
EndProject
Project("{9A19103F-16F7-4668-BE54-9A1E7A4F7556}") = "Ccf.Ck.NodePlugins.Base", "Src\NodePlugins\Base\Ccf.Ck.NodePlugins.Base.csproj", "{0CC15CCD-BED7-4887-8CB7-50D13CCCE76E}"
EndProject
Project("{9A19103F-16F7-4668-BE54-9A1E7A4F7556}") = "Ccf.Ck.SysPlugins.Data.HttpService", "Src\SysPlugins\Data\HttpService\Ccf.Ck.SysPlugins.Data.HttpService.csproj", "{3315A528-45E4-4929-9399-6068D2DCB895}"
EndProject
Project("{9A19103F-16F7-4668-BE54-9A1E7A4F7556}") = "Ccf.Ck.SysPlugins.Data.UserProfileManager", "Src\SysPlugins\Data\UserProfileManager\Ccf.Ck.SysPlugins.Data.UserProfileManager.csproj", "{D51326FF-451F-44D5-ACAE-5A2E0A6999D1}"
EndProject
Project("{9A19103F-16F7-4668-BE54-9A1E7A4F7556}") = "Ccf.Ck.NodePlugins.BindKraftIntro", "Src\NodePlugins\BindKraftIntro\Ccf.Ck.NodePlugins.BindKraftIntro.csproj", "{BE8511CC-3401-4F4E-A21E-AAB1438968F9}"
EndProject
Project("{9A19103F-16F7-4668-BE54-9A1E7A4F7556}") = "Ccf.Ck.Launchers.Main", "Src\Launchers\Main\Ccf.Ck.Launchers.Main.csproj", "{2024D136-B247-4D1B-BA73-85E1C4A05C92}"
EndProject
Project("{9A19103F-16F7-4668-BE54-9A1E7A4F7556}") = "Ccf.Ck.Launchers.Intro", "Src\Launchers\Intro\Ccf.Ck.Launchers.Intro.csproj", "{8F023D5C-309E-48CE-974B-5A96E3441D90}"
EndProject
Project("{9A19103F-16F7-4668-BE54-9A1E7A4F7556}") = "Ccf.Ck.SysPlugins.Data.RequestProxy", "Src\SysPlugins\Data\RequestProxy\Ccf.Ck.SysPlugins.Data.RequestProxy.csproj", "{9009D238-C70E-4C94-833C-5371D624829D}"
EndProject
Global
	GlobalSection(SolutionConfigurationPlatforms) = preSolution
		Debug|Any CPU = Debug|Any CPU
		Release|Any CPU = Release|Any CPU
	EndGlobalSection
	GlobalSection(ProjectConfigurationPlatforms) = postSolution
		{34041620-95F2-4087-B64D-9E7D6C794B37}.Debug|Any CPU.ActiveCfg = Debug|Any CPU
		{34041620-95F2-4087-B64D-9E7D6C794B37}.Debug|Any CPU.Build.0 = Debug|Any CPU
		{34041620-95F2-4087-B64D-9E7D6C794B37}.Release|Any CPU.ActiveCfg = Release|Any CPU
		{34041620-95F2-4087-B64D-9E7D6C794B37}.Release|Any CPU.Build.0 = Release|Any CPU
		{F31963D1-993E-4571-82EF-0D6901C9908B}.Debug|Any CPU.ActiveCfg = Debug|Any CPU
		{F31963D1-993E-4571-82EF-0D6901C9908B}.Debug|Any CPU.Build.0 = Debug|Any CPU
		{F31963D1-993E-4571-82EF-0D6901C9908B}.Release|Any CPU.ActiveCfg = Release|Any CPU
		{F31963D1-993E-4571-82EF-0D6901C9908B}.Release|Any CPU.Build.0 = Release|Any CPU
		{700B478C-ECF1-443F-AF37-60F3B347D178}.Debug|Any CPU.ActiveCfg = Debug|Any CPU
		{700B478C-ECF1-443F-AF37-60F3B347D178}.Debug|Any CPU.Build.0 = Debug|Any CPU
		{700B478C-ECF1-443F-AF37-60F3B347D178}.Release|Any CPU.ActiveCfg = Release|Any CPU
		{700B478C-ECF1-443F-AF37-60F3B347D178}.Release|Any CPU.Build.0 = Release|Any CPU
		{391B3B55-B118-4966-AC62-C7B4D7F75003}.Debug|Any CPU.ActiveCfg = Debug|Any CPU
		{391B3B55-B118-4966-AC62-C7B4D7F75003}.Debug|Any CPU.Build.0 = Debug|Any CPU
		{391B3B55-B118-4966-AC62-C7B4D7F75003}.Release|Any CPU.ActiveCfg = Release|Any CPU
		{391B3B55-B118-4966-AC62-C7B4D7F75003}.Release|Any CPU.Build.0 = Release|Any CPU
		{A911D92B-E081-4BD0-8DD8-D6DA2F4E76A2}.Debug|Any CPU.ActiveCfg = Debug|Any CPU
		{A911D92B-E081-4BD0-8DD8-D6DA2F4E76A2}.Debug|Any CPU.Build.0 = Debug|Any CPU
		{A911D92B-E081-4BD0-8DD8-D6DA2F4E76A2}.Release|Any CPU.ActiveCfg = Release|Any CPU
		{A911D92B-E081-4BD0-8DD8-D6DA2F4E76A2}.Release|Any CPU.Build.0 = Release|Any CPU
		{553DAC1B-2439-4EEE-8FF4-690B08A2EA5E}.Debug|Any CPU.ActiveCfg = Debug|Any CPU
		{553DAC1B-2439-4EEE-8FF4-690B08A2EA5E}.Debug|Any CPU.Build.0 = Debug|Any CPU
		{553DAC1B-2439-4EEE-8FF4-690B08A2EA5E}.Release|Any CPU.ActiveCfg = Release|Any CPU
		{553DAC1B-2439-4EEE-8FF4-690B08A2EA5E}.Release|Any CPU.Build.0 = Release|Any CPU
		{BC513804-DE2C-4A72-87AC-EEF4BD3D573D}.Debug|Any CPU.ActiveCfg = Debug|Any CPU
		{BC513804-DE2C-4A72-87AC-EEF4BD3D573D}.Debug|Any CPU.Build.0 = Debug|Any CPU
		{BC513804-DE2C-4A72-87AC-EEF4BD3D573D}.Release|Any CPU.ActiveCfg = Release|Any CPU
		{BC513804-DE2C-4A72-87AC-EEF4BD3D573D}.Release|Any CPU.Build.0 = Release|Any CPU
		{7D4E0712-3A06-40BD-AC3E-41A13C625C0F}.Debug|Any CPU.ActiveCfg = Debug|Any CPU
		{7D4E0712-3A06-40BD-AC3E-41A13C625C0F}.Debug|Any CPU.Build.0 = Debug|Any CPU
		{7D4E0712-3A06-40BD-AC3E-41A13C625C0F}.Release|Any CPU.ActiveCfg = Release|Any CPU
		{7D4E0712-3A06-40BD-AC3E-41A13C625C0F}.Release|Any CPU.Build.0 = Release|Any CPU
		{54549450-BBE1-4ABF-BD31-CE031D0F8054}.Debug|Any CPU.ActiveCfg = Debug|Any CPU
		{54549450-BBE1-4ABF-BD31-CE031D0F8054}.Debug|Any CPU.Build.0 = Debug|Any CPU
		{54549450-BBE1-4ABF-BD31-CE031D0F8054}.Release|Any CPU.ActiveCfg = Release|Any CPU
		{54549450-BBE1-4ABF-BD31-CE031D0F8054}.Release|Any CPU.Build.0 = Release|Any CPU
		{03E3F9C8-FFF2-422D-8FD5-8E25871CD676}.Debug|Any CPU.ActiveCfg = Debug|Any CPU
		{03E3F9C8-FFF2-422D-8FD5-8E25871CD676}.Debug|Any CPU.Build.0 = Debug|Any CPU
		{03E3F9C8-FFF2-422D-8FD5-8E25871CD676}.Release|Any CPU.ActiveCfg = Release|Any CPU
		{03E3F9C8-FFF2-422D-8FD5-8E25871CD676}.Release|Any CPU.Build.0 = Release|Any CPU
		{482B074C-FE83-4C03-97FF-4AB019B6D0B7}.Debug|Any CPU.ActiveCfg = Debug|Any CPU
		{482B074C-FE83-4C03-97FF-4AB019B6D0B7}.Debug|Any CPU.Build.0 = Debug|Any CPU
		{482B074C-FE83-4C03-97FF-4AB019B6D0B7}.Release|Any CPU.ActiveCfg = Release|Any CPU
		{482B074C-FE83-4C03-97FF-4AB019B6D0B7}.Release|Any CPU.Build.0 = Release|Any CPU
		{703D64A8-A156-4363-A1E9-73703A897EE8}.Debug|Any CPU.ActiveCfg = Debug|Any CPU
		{703D64A8-A156-4363-A1E9-73703A897EE8}.Debug|Any CPU.Build.0 = Debug|Any CPU
		{703D64A8-A156-4363-A1E9-73703A897EE8}.Release|Any CPU.ActiveCfg = Release|Any CPU
		{703D64A8-A156-4363-A1E9-73703A897EE8}.Release|Any CPU.Build.0 = Release|Any CPU
		{459E6741-8A03-48A8-B3A9-774BEE8BE0BA}.Debug|Any CPU.ActiveCfg = Debug|Any CPU
		{459E6741-8A03-48A8-B3A9-774BEE8BE0BA}.Debug|Any CPU.Build.0 = Debug|Any CPU
		{459E6741-8A03-48A8-B3A9-774BEE8BE0BA}.Release|Any CPU.ActiveCfg = Release|Any CPU
		{459E6741-8A03-48A8-B3A9-774BEE8BE0BA}.Release|Any CPU.Build.0 = Release|Any CPU
		{7D8DC240-56ED-4CAE-A6BC-64B7967529E7}.Debug|Any CPU.ActiveCfg = Debug|Any CPU
		{7D8DC240-56ED-4CAE-A6BC-64B7967529E7}.Debug|Any CPU.Build.0 = Debug|Any CPU
		{7D8DC240-56ED-4CAE-A6BC-64B7967529E7}.Release|Any CPU.ActiveCfg = Release|Any CPU
		{7D8DC240-56ED-4CAE-A6BC-64B7967529E7}.Release|Any CPU.Build.0 = Release|Any CPU
		{EA3C6E6D-F07A-402A-8C58-AE06C28DC5DA}.Debug|Any CPU.ActiveCfg = Debug|Any CPU
		{EA3C6E6D-F07A-402A-8C58-AE06C28DC5DA}.Debug|Any CPU.Build.0 = Debug|Any CPU
		{EA3C6E6D-F07A-402A-8C58-AE06C28DC5DA}.Release|Any CPU.ActiveCfg = Release|Any CPU
		{EA3C6E6D-F07A-402A-8C58-AE06C28DC5DA}.Release|Any CPU.Build.0 = Release|Any CPU
		{05DFD295-4C1F-43EC-A2AB-AFAD3423E320}.Debug|Any CPU.ActiveCfg = Debug|Any CPU
		{05DFD295-4C1F-43EC-A2AB-AFAD3423E320}.Debug|Any CPU.Build.0 = Debug|Any CPU
		{05DFD295-4C1F-43EC-A2AB-AFAD3423E320}.Release|Any CPU.ActiveCfg = Release|Any CPU
		{05DFD295-4C1F-43EC-A2AB-AFAD3423E320}.Release|Any CPU.Build.0 = Release|Any CPU
		{F142BFD1-A21B-46ED-81CD-38FB9C0D6D0F}.Debug|Any CPU.ActiveCfg = Debug|Any CPU
		{F142BFD1-A21B-46ED-81CD-38FB9C0D6D0F}.Debug|Any CPU.Build.0 = Debug|Any CPU
		{F142BFD1-A21B-46ED-81CD-38FB9C0D6D0F}.Release|Any CPU.ActiveCfg = Release|Any CPU
		{F142BFD1-A21B-46ED-81CD-38FB9C0D6D0F}.Release|Any CPU.Build.0 = Release|Any CPU
		{E96024D3-80BD-4A23-A093-424C956A09C0}.Debug|Any CPU.ActiveCfg = Debug|Any CPU
		{E96024D3-80BD-4A23-A093-424C956A09C0}.Debug|Any CPU.Build.0 = Debug|Any CPU
		{E96024D3-80BD-4A23-A093-424C956A09C0}.Release|Any CPU.ActiveCfg = Release|Any CPU
		{E96024D3-80BD-4A23-A093-424C956A09C0}.Release|Any CPU.Build.0 = Release|Any CPU
		{95593B17-7CB9-43AB-9545-86B77B197B15}.Debug|Any CPU.ActiveCfg = Debug|Any CPU
		{95593B17-7CB9-43AB-9545-86B77B197B15}.Debug|Any CPU.Build.0 = Debug|Any CPU
		{95593B17-7CB9-43AB-9545-86B77B197B15}.Release|Any CPU.ActiveCfg = Release|Any CPU
		{95593B17-7CB9-43AB-9545-86B77B197B15}.Release|Any CPU.Build.0 = Release|Any CPU
		{BE6A0689-931A-4175-8833-767D837B8451}.Debug|Any CPU.ActiveCfg = Debug|Any CPU
		{BE6A0689-931A-4175-8833-767D837B8451}.Debug|Any CPU.Build.0 = Debug|Any CPU
		{BE6A0689-931A-4175-8833-767D837B8451}.Release|Any CPU.ActiveCfg = Release|Any CPU
		{BE6A0689-931A-4175-8833-767D837B8451}.Release|Any CPU.Build.0 = Release|Any CPU
		{28CEB1FC-6983-42CB-9FFA-70110C9BB333}.Debug|Any CPU.ActiveCfg = Debug|Any CPU
		{28CEB1FC-6983-42CB-9FFA-70110C9BB333}.Debug|Any CPU.Build.0 = Debug|Any CPU
		{28CEB1FC-6983-42CB-9FFA-70110C9BB333}.Release|Any CPU.ActiveCfg = Release|Any CPU
		{28CEB1FC-6983-42CB-9FFA-70110C9BB333}.Release|Any CPU.Build.0 = Release|Any CPU
		{5810A164-606E-472B-9910-FD0C370B965A}.Debug|Any CPU.ActiveCfg = Debug|Any CPU
		{5810A164-606E-472B-9910-FD0C370B965A}.Debug|Any CPU.Build.0 = Debug|Any CPU
		{5810A164-606E-472B-9910-FD0C370B965A}.Release|Any CPU.ActiveCfg = Release|Any CPU
		{5810A164-606E-472B-9910-FD0C370B965A}.Release|Any CPU.Build.0 = Release|Any CPU
		{D2E35042-0AE6-4FAA-A444-3B0677DB5598}.Debug|Any CPU.ActiveCfg = Debug|Any CPU
		{D2E35042-0AE6-4FAA-A444-3B0677DB5598}.Debug|Any CPU.Build.0 = Debug|Any CPU
		{D2E35042-0AE6-4FAA-A444-3B0677DB5598}.Release|Any CPU.ActiveCfg = Release|Any CPU
		{D2E35042-0AE6-4FAA-A444-3B0677DB5598}.Release|Any CPU.Build.0 = Release|Any CPU
		{53EC784C-1C3F-4267-80CF-646C6C542899}.Debug|Any CPU.ActiveCfg = Debug|Any CPU
		{53EC784C-1C3F-4267-80CF-646C6C542899}.Debug|Any CPU.Build.0 = Debug|Any CPU
		{53EC784C-1C3F-4267-80CF-646C6C542899}.Release|Any CPU.ActiveCfg = Release|Any CPU
		{53EC784C-1C3F-4267-80CF-646C6C542899}.Release|Any CPU.Build.0 = Release|Any CPU
		{938574E3-8BA6-483E-B810-021E48BFAAD3}.Debug|Any CPU.ActiveCfg = Debug|Any CPU
		{938574E3-8BA6-483E-B810-021E48BFAAD3}.Debug|Any CPU.Build.0 = Debug|Any CPU
		{938574E3-8BA6-483E-B810-021E48BFAAD3}.Release|Any CPU.ActiveCfg = Release|Any CPU
		{938574E3-8BA6-483E-B810-021E48BFAAD3}.Release|Any CPU.Build.0 = Release|Any CPU
		{74C75643-7C84-43E8-A8D4-62345A8FE10C}.Debug|Any CPU.ActiveCfg = Debug|Any CPU
		{74C75643-7C84-43E8-A8D4-62345A8FE10C}.Debug|Any CPU.Build.0 = Debug|Any CPU
		{74C75643-7C84-43E8-A8D4-62345A8FE10C}.Release|Any CPU.ActiveCfg = Release|Any CPU
		{74C75643-7C84-43E8-A8D4-62345A8FE10C}.Release|Any CPU.Build.0 = Release|Any CPU
		{326B95EB-CF6E-4057-B896-39687602CC4D}.Debug|Any CPU.ActiveCfg = Debug|Any CPU
		{326B95EB-CF6E-4057-B896-39687602CC4D}.Debug|Any CPU.Build.0 = Debug|Any CPU
		{326B95EB-CF6E-4057-B896-39687602CC4D}.Release|Any CPU.ActiveCfg = Release|Any CPU
		{326B95EB-CF6E-4057-B896-39687602CC4D}.Release|Any CPU.Build.0 = Release|Any CPU
		{5436BD33-F55B-4C0F-BA17-E3CAEB352B0B}.Debug|Any CPU.ActiveCfg = Debug|Any CPU
		{5436BD33-F55B-4C0F-BA17-E3CAEB352B0B}.Debug|Any CPU.Build.0 = Debug|Any CPU
		{5436BD33-F55B-4C0F-BA17-E3CAEB352B0B}.Release|Any CPU.ActiveCfg = Release|Any CPU
		{5436BD33-F55B-4C0F-BA17-E3CAEB352B0B}.Release|Any CPU.Build.0 = Release|Any CPU
		{ADD50702-190B-4452-B652-B3AC42AE4A96}.Debug|Any CPU.ActiveCfg = Debug|Any CPU
		{ADD50702-190B-4452-B652-B3AC42AE4A96}.Debug|Any CPU.Build.0 = Debug|Any CPU
		{ADD50702-190B-4452-B652-B3AC42AE4A96}.Release|Any CPU.ActiveCfg = Release|Any CPU
		{ADD50702-190B-4452-B652-B3AC42AE4A96}.Release|Any CPU.Build.0 = Release|Any CPU
		{B343AB08-0BD8-481E-A315-48F06B976403}.Debug|Any CPU.ActiveCfg = Debug|Any CPU
		{B343AB08-0BD8-481E-A315-48F06B976403}.Debug|Any CPU.Build.0 = Debug|Any CPU
		{B343AB08-0BD8-481E-A315-48F06B976403}.Release|Any CPU.ActiveCfg = Release|Any CPU
		{B343AB08-0BD8-481E-A315-48F06B976403}.Release|Any CPU.Build.0 = Release|Any CPU
		{72E2A08B-40F9-4239-8BF9-B2DAD63BB1DB}.Debug|Any CPU.ActiveCfg = Debug|Any CPU
		{72E2A08B-40F9-4239-8BF9-B2DAD63BB1DB}.Debug|Any CPU.Build.0 = Debug|Any CPU
		{72E2A08B-40F9-4239-8BF9-B2DAD63BB1DB}.Release|Any CPU.ActiveCfg = Release|Any CPU
		{72E2A08B-40F9-4239-8BF9-B2DAD63BB1DB}.Release|Any CPU.Build.0 = Release|Any CPU
		{693F2F90-4FD6-4A15-BF22-2D2E62056F9A}.Debug|Any CPU.ActiveCfg = Debug|Any CPU
		{693F2F90-4FD6-4A15-BF22-2D2E62056F9A}.Debug|Any CPU.Build.0 = Debug|Any CPU
		{693F2F90-4FD6-4A15-BF22-2D2E62056F9A}.Release|Any CPU.ActiveCfg = Release|Any CPU
		{693F2F90-4FD6-4A15-BF22-2D2E62056F9A}.Release|Any CPU.Build.0 = Release|Any CPU
		{507AD606-2FFA-4FD6-816D-8406128A5913}.Debug|Any CPU.ActiveCfg = Debug|Any CPU
		{507AD606-2FFA-4FD6-816D-8406128A5913}.Debug|Any CPU.Build.0 = Debug|Any CPU
		{507AD606-2FFA-4FD6-816D-8406128A5913}.Release|Any CPU.ActiveCfg = Release|Any CPU
		{507AD606-2FFA-4FD6-816D-8406128A5913}.Release|Any CPU.Build.0 = Release|Any CPU
		{29DBED17-0535-4B99-A5E4-BD54608C7A8B}.Debug|Any CPU.ActiveCfg = Debug|Any CPU
		{29DBED17-0535-4B99-A5E4-BD54608C7A8B}.Debug|Any CPU.Build.0 = Debug|Any CPU
		{29DBED17-0535-4B99-A5E4-BD54608C7A8B}.Release|Any CPU.ActiveCfg = Release|Any CPU
		{29DBED17-0535-4B99-A5E4-BD54608C7A8B}.Release|Any CPU.Build.0 = Release|Any CPU
		{7A8A3F27-228D-485E-8B61-8B0488ED7530}.Debug|Any CPU.ActiveCfg = Debug|Any CPU
		{7A8A3F27-228D-485E-8B61-8B0488ED7530}.Debug|Any CPU.Build.0 = Debug|Any CPU
		{7A8A3F27-228D-485E-8B61-8B0488ED7530}.Release|Any CPU.ActiveCfg = Release|Any CPU
		{7A8A3F27-228D-485E-8B61-8B0488ED7530}.Release|Any CPU.Build.0 = Release|Any CPU
		{A41A0D24-9666-4D35-ABE8-3F1DA90EA9BE}.Debug|Any CPU.ActiveCfg = Debug|Any CPU
		{A41A0D24-9666-4D35-ABE8-3F1DA90EA9BE}.Debug|Any CPU.Build.0 = Debug|Any CPU
		{A41A0D24-9666-4D35-ABE8-3F1DA90EA9BE}.Release|Any CPU.ActiveCfg = Release|Any CPU
		{A41A0D24-9666-4D35-ABE8-3F1DA90EA9BE}.Release|Any CPU.Build.0 = Release|Any CPU
		{A55D250B-AF08-4EBE-92A0-585C64CDE50E}.Debug|Any CPU.ActiveCfg = Debug|Any CPU
		{A55D250B-AF08-4EBE-92A0-585C64CDE50E}.Debug|Any CPU.Build.0 = Debug|Any CPU
		{A55D250B-AF08-4EBE-92A0-585C64CDE50E}.Release|Any CPU.ActiveCfg = Release|Any CPU
		{A55D250B-AF08-4EBE-92A0-585C64CDE50E}.Release|Any CPU.Build.0 = Release|Any CPU
		{075671B6-F851-4F0F-9208-DF434AFDA4FA}.Debug|Any CPU.ActiveCfg = Debug|Any CPU
		{075671B6-F851-4F0F-9208-DF434AFDA4FA}.Debug|Any CPU.Build.0 = Debug|Any CPU
		{075671B6-F851-4F0F-9208-DF434AFDA4FA}.Release|Any CPU.ActiveCfg = Release|Any CPU
		{075671B6-F851-4F0F-9208-DF434AFDA4FA}.Release|Any CPU.Build.0 = Release|Any CPU
		{BF37DD4D-1912-419C-AD9A-04F291269C4B}.Debug|Any CPU.ActiveCfg = Debug|Any CPU
		{BF37DD4D-1912-419C-AD9A-04F291269C4B}.Debug|Any CPU.Build.0 = Debug|Any CPU
		{BF37DD4D-1912-419C-AD9A-04F291269C4B}.Release|Any CPU.ActiveCfg = Release|Any CPU
		{BF37DD4D-1912-419C-AD9A-04F291269C4B}.Release|Any CPU.Build.0 = Release|Any CPU
		{0CC15CCD-BED7-4887-8CB7-50D13CCCE76E}.Debug|Any CPU.ActiveCfg = Debug|Any CPU
		{0CC15CCD-BED7-4887-8CB7-50D13CCCE76E}.Debug|Any CPU.Build.0 = Debug|Any CPU
		{0CC15CCD-BED7-4887-8CB7-50D13CCCE76E}.Release|Any CPU.ActiveCfg = Release|Any CPU
		{0CC15CCD-BED7-4887-8CB7-50D13CCCE76E}.Release|Any CPU.Build.0 = Release|Any CPU
		{3315A528-45E4-4929-9399-6068D2DCB895}.Debug|Any CPU.ActiveCfg = Debug|Any CPU
		{3315A528-45E4-4929-9399-6068D2DCB895}.Debug|Any CPU.Build.0 = Debug|Any CPU
		{3315A528-45E4-4929-9399-6068D2DCB895}.Release|Any CPU.ActiveCfg = Release|Any CPU
		{3315A528-45E4-4929-9399-6068D2DCB895}.Release|Any CPU.Build.0 = Release|Any CPU
		{D51326FF-451F-44D5-ACAE-5A2E0A6999D1}.Debug|Any CPU.ActiveCfg = Debug|Any CPU
		{D51326FF-451F-44D5-ACAE-5A2E0A6999D1}.Debug|Any CPU.Build.0 = Debug|Any CPU
		{D51326FF-451F-44D5-ACAE-5A2E0A6999D1}.Release|Any CPU.ActiveCfg = Release|Any CPU
		{D51326FF-451F-44D5-ACAE-5A2E0A6999D1}.Release|Any CPU.Build.0 = Release|Any CPU
		{BE8511CC-3401-4F4E-A21E-AAB1438968F9}.Debug|Any CPU.ActiveCfg = Debug|Any CPU
		{BE8511CC-3401-4F4E-A21E-AAB1438968F9}.Debug|Any CPU.Build.0 = Debug|Any CPU
		{BE8511CC-3401-4F4E-A21E-AAB1438968F9}.Release|Any CPU.ActiveCfg = Release|Any CPU
		{BE8511CC-3401-4F4E-A21E-AAB1438968F9}.Release|Any CPU.Build.0 = Release|Any CPU
		{2024D136-B247-4D1B-BA73-85E1C4A05C92}.Debug|Any CPU.ActiveCfg = Debug|Any CPU
		{2024D136-B247-4D1B-BA73-85E1C4A05C92}.Debug|Any CPU.Build.0 = Debug|Any CPU
		{2024D136-B247-4D1B-BA73-85E1C4A05C92}.Release|Any CPU.ActiveCfg = Release|Any CPU
		{2024D136-B247-4D1B-BA73-85E1C4A05C92}.Release|Any CPU.Build.0 = Release|Any CPU
		{8F023D5C-309E-48CE-974B-5A96E3441D90}.Debug|Any CPU.ActiveCfg = Debug|Any CPU
		{8F023D5C-309E-48CE-974B-5A96E3441D90}.Debug|Any CPU.Build.0 = Debug|Any CPU
		{8F023D5C-309E-48CE-974B-5A96E3441D90}.Release|Any CPU.ActiveCfg = Release|Any CPU
		{8F023D5C-309E-48CE-974B-5A96E3441D90}.Release|Any CPU.Build.0 = Release|Any CPU
		{9009D238-C70E-4C94-833C-5371D624829D}.Debug|Any CPU.ActiveCfg = Debug|Any CPU
		{9009D238-C70E-4C94-833C-5371D624829D}.Debug|Any CPU.Build.0 = Debug|Any CPU
		{9009D238-C70E-4C94-833C-5371D624829D}.Release|Any CPU.ActiveCfg = Release|Any CPU
		{9009D238-C70E-4C94-833C-5371D624829D}.Release|Any CPU.Build.0 = Release|Any CPU
	EndGlobalSection
	GlobalSection(SolutionProperties) = preSolution
		HideSolutionNode = FALSE
	EndGlobalSection
	GlobalSection(NestedProjects) = preSolution
		{34041620-95F2-4087-B64D-9E7D6C794B37} = {2FABC82B-D94D-499F-B34F-F012160DE5EB}
		{F31963D1-993E-4571-82EF-0D6901C9908B} = {78645270-1428-453E-8234-10D273583C52}
		{700B478C-ECF1-443F-AF37-60F3B347D178} = {2FABC82B-D94D-499F-B34F-F012160DE5EB}
		{391B3B55-B118-4966-AC62-C7B4D7F75003} = {78645270-1428-453E-8234-10D273583C52}
		{A911D92B-E081-4BD0-8DD8-D6DA2F4E76A2} = {2FABC82B-D94D-499F-B34F-F012160DE5EB}
		{553DAC1B-2439-4EEE-8FF4-690B08A2EA5E} = {2FABC82B-D94D-499F-B34F-F012160DE5EB}
		{BC513804-DE2C-4A72-87AC-EEF4BD3D573D} = {2FABC82B-D94D-499F-B34F-F012160DE5EB}
		{7D4E0712-3A06-40BD-AC3E-41A13C625C0F} = {2FABC82B-D94D-499F-B34F-F012160DE5EB}
		{54549450-BBE1-4ABF-BD31-CE031D0F8054} = {78645270-1428-453E-8234-10D273583C52}
		{03E3F9C8-FFF2-422D-8FD5-8E25871CD676} = {2FABC82B-D94D-499F-B34F-F012160DE5EB}
		{482B074C-FE83-4C03-97FF-4AB019B6D0B7} = {2FABC82B-D94D-499F-B34F-F012160DE5EB}
		{703D64A8-A156-4363-A1E9-73703A897EE8} = {78645270-1428-453E-8234-10D273583C52}
		{459E6741-8A03-48A8-B3A9-774BEE8BE0BA} = {D9A8DD12-8860-41C6-B1A3-B62868AD6A8F}
		{7D8DC240-56ED-4CAE-A6BC-64B7967529E7} = {2FABC82B-D94D-499F-B34F-F012160DE5EB}
		{EA3C6E6D-F07A-402A-8C58-AE06C28DC5DA} = {D9A8DD12-8860-41C6-B1A3-B62868AD6A8F}
		{05DFD295-4C1F-43EC-A2AB-AFAD3423E320} = {22CCDF7A-8BB2-4193-8201-07207CFF33E9}
		{F142BFD1-A21B-46ED-81CD-38FB9C0D6D0F} = {78645270-1428-453E-8234-10D273583C52}
		{E96024D3-80BD-4A23-A093-424C956A09C0} = {2FABC82B-D94D-499F-B34F-F012160DE5EB}
		{95593B17-7CB9-43AB-9545-86B77B197B15} = {22CCDF7A-8BB2-4193-8201-07207CFF33E9}
		{BE6A0689-931A-4175-8833-767D837B8451} = {78645270-1428-453E-8234-10D273583C52}
		{28CEB1FC-6983-42CB-9FFA-70110C9BB333} = {78645270-1428-453E-8234-10D273583C52}
		{5810A164-606E-472B-9910-FD0C370B965A} = {22CCDF7A-8BB2-4193-8201-07207CFF33E9}
		{D2E35042-0AE6-4FAA-A444-3B0677DB5598} = {5F268FB9-8028-4040-90A2-F8C2581DA3CF}
		{6D104A3B-CBCF-4E36-820A-B548EC03A1AD} = {D9A8DD12-8860-41C6-B1A3-B62868AD6A8F}
		{53EC784C-1C3F-4267-80CF-646C6C542899} = {6D104A3B-CBCF-4E36-820A-B548EC03A1AD}
		{938574E3-8BA6-483E-B810-021E48BFAAD3} = {6D104A3B-CBCF-4E36-820A-B548EC03A1AD}
		{74C75643-7C84-43E8-A8D4-62345A8FE10C} = {D9A8DD12-8860-41C6-B1A3-B62868AD6A8F}
		{36E9EB81-6E91-4FFA-AA42-67B57251C2D3} = {D9A8DD12-8860-41C6-B1A3-B62868AD6A8F}
		{326B95EB-CF6E-4057-B896-39687602CC4D} = {36E9EB81-6E91-4FFA-AA42-67B57251C2D3}
		{8216ED90-BBBC-415B-9691-29B63FA0E94D} = {D9A8DD12-8860-41C6-B1A3-B62868AD6A8F}
		{5436BD33-F55B-4C0F-BA17-E3CAEB352B0B} = {8216ED90-BBBC-415B-9691-29B63FA0E94D}
		{ADD50702-190B-4452-B652-B3AC42AE4A96} = {8216ED90-BBBC-415B-9691-29B63FA0E94D}
		{B343AB08-0BD8-481E-A315-48F06B976403} = {8216ED90-BBBC-415B-9691-29B63FA0E94D}
		{72E2A08B-40F9-4239-8BF9-B2DAD63BB1DB} = {8216ED90-BBBC-415B-9691-29B63FA0E94D}
		{693F2F90-4FD6-4A15-BF22-2D2E62056F9A} = {8216ED90-BBBC-415B-9691-29B63FA0E94D}
		{507AD606-2FFA-4FD6-816D-8406128A5913} = {8216ED90-BBBC-415B-9691-29B63FA0E94D}
		{29DBED17-0535-4B99-A5E4-BD54608C7A8B} = {8216ED90-BBBC-415B-9691-29B63FA0E94D}
		{7A8A3F27-228D-485E-8B61-8B0488ED7530} = {8216ED90-BBBC-415B-9691-29B63FA0E94D}
		{A41A0D24-9666-4D35-ABE8-3F1DA90EA9BE} = {8216ED90-BBBC-415B-9691-29B63FA0E94D}
		{A55D250B-AF08-4EBE-92A0-585C64CDE50E} = {8216ED90-BBBC-415B-9691-29B63FA0E94D}
		{075671B6-F851-4F0F-9208-DF434AFDA4FA} = {D9A8DD12-8860-41C6-B1A3-B62868AD6A8F}
		{BF37DD4D-1912-419C-AD9A-04F291269C4B} = {2FABC82B-D94D-499F-B34F-F012160DE5EB}
		{0CC15CCD-BED7-4887-8CB7-50D13CCCE76E} = {F6D50B2A-F415-4A3D-B889-CBAD3F06C0F4}
		{3315A528-45E4-4929-9399-6068D2DCB895} = {8216ED90-BBBC-415B-9691-29B63FA0E94D}
		{D51326FF-451F-44D5-ACAE-5A2E0A6999D1} = {8216ED90-BBBC-415B-9691-29B63FA0E94D}
		{BE8511CC-3401-4F4E-A21E-AAB1438968F9} = {F6D50B2A-F415-4A3D-B889-CBAD3F06C0F4}
		{2024D136-B247-4D1B-BA73-85E1C4A05C92} = {BB3FCDCE-5D97-4816-BBDB-C26097DBC874}
		{8F023D5C-309E-48CE-974B-5A96E3441D90} = {BB3FCDCE-5D97-4816-BBDB-C26097DBC874}
		{9009D238-C70E-4C94-833C-5371D624829D} = {8216ED90-BBBC-415B-9691-29B63FA0E94D}
	EndGlobalSection
	GlobalSection(ExtensibilityGlobals) = postSolution
		SolutionGuid = {BFC34E53-EAB6-4384-87CE-222E5781116F}
	EndGlobalSection
EndGlobal
